
Microsoft Visual Studio Solution File, Format Version 12.00
# Visual Studio Version 17
VisualStudioVersion = 17.0.31903.59
MinimumVisualStudioVersion = 10.0.40219.1
Project("{FAE04EC0-301F-11D3-BF4B-00C04F79EFBC}") = "EnquetteSysteem", "EnquetteSysteem\EnquetteSysteem.csproj", "{A93C737D-2043-444D-89D8-797682E354DF}"
EndProject
Project("{FAE04EC0-301F-11D3-BF4B-00C04F79EFBC}") = "AdminSysteem", "AdminSysteem\AdminSysteem.csproj", "{8A29BE63-CA3F-4273-BB00-8B54C49E75C4}"
EndProject
Project("{FAE04EC0-301F-11D3-BF4B-00C04F79EFBC}") = "stationsmodules", "stationsmodules\stationsmodules.csproj", "{E3B251BA-898F-4DE7-ADA2-60DDEA874556}"
EndProject
Project("{FAE04EC0-301F-11D3-BF4B-00C04F79EFBC}") = "StationsScherm", "StationsScherm\StationsScherm.csproj", "{AC6D82B5-82CF-4456-BE2E-F6F8EE6168F5}"
EndProject
Global
	GlobalSection(SolutionConfigurationPlatforms) = preSolution
		Debug|Any CPU = Debug|Any CPU
		Release|Any CPU = Release|Any CPU
	EndGlobalSection
	GlobalSection(SolutionProperties) = preSolution
		HideSolutionNode = FALSE
	EndGlobalSection
	GlobalSection(ProjectConfigurationPlatforms) = postSolution
		{A93C737D-2043-444D-89D8-797682E354DF}.Debug|Any CPU.ActiveCfg = Debug|Any CPU
		{A93C737D-2043-444D-89D8-797682E354DF}.Debug|Any CPU.Build.0 = Debug|Any CPU
		{A93C737D-2043-444D-89D8-797682E354DF}.Release|Any CPU.ActiveCfg = Release|Any CPU
		{A93C737D-2043-444D-89D8-797682E354DF}.Release|Any CPU.Build.0 = Release|Any CPU
		{8A29BE63-CA3F-4273-BB00-8B54C49E75C4}.Debug|Any CPU.ActiveCfg = Debug|Any CPU
		{8A29BE63-CA3F-4273-BB00-8B54C49E75C4}.Debug|Any CPU.Build.0 = Debug|Any CPU
		{8A29BE63-CA3F-4273-BB00-8B54C49E75C4}.Release|Any CPU.ActiveCfg = Release|Any CPU
		{8A29BE63-CA3F-4273-BB00-8B54C49E75C4}.Release|Any CPU.Build.0 = Release|Any CPU
		{E3B251BA-898F-4DE7-ADA2-60DDEA874556}.Debug|Any CPU.ActiveCfg = Debug|Any CPU
		{E3B251BA-898F-4DE7-ADA2-60DDEA874556}.Debug|Any CPU.Build.0 = Debug|Any CPU
		{E3B251BA-898F-4DE7-ADA2-60DDEA874556}.Release|Any CPU.ActiveCfg = Release|Any CPU
		{E3B251BA-898F-4DE7-ADA2-60DDEA874556}.Release|Any CPU.Build.0 = Release|Any CPU
		{AC6D82B5-82CF-4456-BE2E-F6F8EE6168F5}.Debug|Any CPU.ActiveCfg = Debug|Any CPU
		{AC6D82B5-82CF-4456-BE2E-F6F8EE6168F5}.Debug|Any CPU.Build.0 = Debug|Any CPU
		{AC6D82B5-82CF-4456-BE2E-F6F8EE6168F5}.Release|Any CPU.ActiveCfg = Release|Any CPU
		{AC6D82B5-82CF-4456-BE2E-F6F8EE6168F5}.Release|Any CPU.Build.0 = Release|Any CPU
	EndGlobalSection
EndGlobal
